
Microsoft Visual Studio Solution File, Format Version 12.00
# Visual Studio Version 17
VisualStudioVersion = 17.3.32929.385
MinimumVisualStudioVersion = 10.0.40219.1
Project("{FAE04EC0-301F-11D3-BF4B-00C04F79EFBC}") = "Hartic", "Hartic.csproj", "{D6638182-DA91-4611-86B2-D70EE07D0A54}"
EndProject
Global
	GlobalSection(SolutionConfigurationPlatforms) = preSolution
		Debug|Any CPU = Debug|Any CPU
		Release|Any CPU = Release|Any CPU
	EndGlobalSection
	GlobalSection(ProjectConfigurationPlatforms) = postSolution
		{D6638182-DA91-4611-86B2-D70EE07D0A54}.Debug|Any CPU.ActiveCfg = Debug|Any CPU
		{D6638182-DA91-4611-86B2-D70EE07D0A54}.Debug|Any CPU.Build.0 = Debug|Any CPU
		{D6638182-DA91-4611-86B2-D70EE07D0A54}.Release|Any CPU.ActiveCfg = Release|Any CPU
		{D6638182-DA91-4611-86B2-D70EE07D0A54}.Release|Any CPU.Build.0 = Release|Any CPU
	EndGlobalSection
	GlobalSection(SolutionProperties) = preSolution
		HideSolutionNode = FALSE
	EndGlobalSection
	GlobalSection(ExtensibilityGlobals) = postSolution
		SolutionGuid = {6A024FEB-FB5E-454A-94E1-3FEB222D9020}
	EndGlobalSection
EndGlobal
